{
    "_readme": [
        "This file locks the dependencies of your project to a known state",
        "Read more about it at https://getcomposer.org/doc/01-basic-usage.md#installing-dependencies",
        "This file is @generated automatically"
    ],
    "content-hash": "a98a6d7867b6a49be3910e72aaba035f",
    "packages": [],
    "packages-dev": [
        {
            "name": "deptrac/deptrac",
            "version": "3.0.x-dev",
            "source": {
                "type": "git",
                "url": "https://github.com/deptrac/deptrac.git",
                "reference": "a098a510ce6e75671912401641b0ed278624d9ea"
            },
            "dist": {
                "type": "zip",
                "url": "https://api.github.com/repos/deptrac/deptrac/zipball/a098a510ce6e75671912401641b0ed278624d9ea",
                "reference": "a098a510ce6e75671912401641b0ed278624d9ea",
                "shasum": ""
            },
            "require": {
                "ext-json": "*",
                "php": "^8.1"
            },
            "suggest": {
                "ext-dom": "For using the JUnit output formatter"
            },
            "default-branch": true,
            "bin": [
                "bin/deptrac"
            ],
            "type": "library",
            "autoload": {
                "files": [
                    "bootstrap.php"
                ],
                "psr-4": {
                    "Deptrac\\Deptrac\\": "src/"
                }
            },
            "notification-url": "https://packagist.org/downloads/",
            "license": [
                "MIT"
            ],
            "description": "Deptrac is a static code analysis tool that helps to enforce rules for dependencies between software layers.",
            "keywords": [
                "static analysis"
            ],
            "support": {
                "issues": "https://github.com/deptrac/deptrac/issues",
                "source": "https://github.com/deptrac/deptrac/tree/3.0.x"
            },
            "time": "2025-02-16T22:49:48+00:00"
        }
    ],
    "aliases": [],
    "minimum-stability": "stable",
    "stability-flags": {
        "deptrac/deptrac": 20
    },
    "prefer-stable": false,
    "prefer-lowest": false,
    "platform": {},
    "platform-dev": {},
    "plugin-api-version": "2.6.0"
}
