{
    "_readme": [
        "This file locks the dependencies of your project to a known state",
        "Read more about it at https://getcomposer.org/doc/01-basic-usage.md#installing-dependencies",
        "This file is @generated automatically"
    ],
    "content-hash": "f6252283d22835109c89c93514d0478e",
    "packages": [],
    "packages-dev": [
        {
            "name": "qossmic/deptrac",
            "version": "2.0.x-dev",
            "source": {
                "type": "git",
                "url": "https://github.com/qossmic/deptrac.git",
                "reference": "9fbc71c7ff484a9b9d3d5a2b8f367ec59bdc1512"
            },
            "dist": {
                "type": "zip",
                "url": "https://api.github.com/repos/qossmic/deptrac/zipball/9fbc71c7ff484a9b9d3d5a2b8f367ec59bdc1512",
                "reference": "9fbc71c7ff484a9b9d3d5a2b8f367ec59bdc1512",
                "shasum": ""
            },
            "require": {
                "ext-json": "*",
                "php": "^8.1"
            },
            "suggest": {
                "ext-dom": "For using the JUnit output formatter"
            },
            "default-branch": true,
            "bin": [
                "bin/deptrac",
                "deptrac.phar"
            ],
            "type": "library",
            "autoload": {
                "files": [
                    "bootstrap.php"
                ],
                "psr-4": {
                    "Deptrac\\Deptrac\\": "src/"
                }
            },
            "notification-url": "https://packagist.org/downloads/",
            "license": [
                "MIT"
            ],
            "description": "Deptrac is a static code analysis tool that helps to enforce rules for dependencies between software layers.",
            "keywords": [
                "static analysis"
            ],
            "support": {
                "source": "https://github.com/qossmic/deptrac/tree/2.0.x"
            },
            "abandoned": "deptrac/deptrac",
            "time": "2025-02-17T13:46:05+00:00"
        }
    ],
    "aliases": [],
    "minimum-stability": "stable",
    "stability-flags": {
        "qossmic/deptrac": 20
    },
    "prefer-stable": false,
    "prefer-lowest": false,
    "platform": {},
    "platform-dev": {},
    "plugin-api-version": "2.6.0"
}
